// !$*UTF8*$!
{
	archiveVersion = 1;
	classes = {
	};
	objectVersion = 46;
	objects = {

/* Begin PBXBuildFile section */
		CE343C231C3E9A0F00F4DDEF /* EnergyExpenditureViewController.swift in Sources */ = {isa = PBXBuildFile; fileRef = CE343C221C3E9A0F00F4DDEF /* EnergyExpenditureViewController.swift */; };
		CE343C251C3E9DF000F4DDEF /* User.swift in Sources */ = {isa = PBXBuildFile; fileRef = CE343C241C3E9DF000F4DDEF /* User.swift */; };
		CE7E73781C4CE22D008D59EF /* GPSHandler.swift in Sources */ = {isa = PBXBuildFile; fileRef = CE7E73771C4CE22D008D59EF /* GPSHandler.swift */; };
		CEAFF6971C1971430047F69D /* MyPageController.swift in Sources */ = {isa = PBXBuildFile; fileRef = CEAFF6961C1971430047F69D /* MyPageController.swift */; };
		CEAFF6991C1977C80047F69D /* HeartrateViewController.swift in Sources */ = {isa = PBXBuildFile; fileRef = CEAFF6981C1977C80047F69D /* HeartrateViewController.swift */; };
		CEAFF69B1C1981F20047F69D /* BLEHandler.swift in Sources */ = {isa = PBXBuildFile; fileRef = CEAFF69A1C1981F20047F69D /* BLEHandler.swift */; };
		CEE00F131C119E8D00C87D8D /* StepCounter.swift in Sources */ = {isa = PBXBuildFile; fileRef = CEE00F121C119E8D00C87D8D /* StepCounter.swift */; };
		CEE00F151C11B2A800C87D8D /* CircleView.swift in Sources */ = {isa = PBXBuildFile; fileRef = CEE00F141C11B2A800C87D8D /* CircleView.swift */; };
		E815FCAB1C1193010066C948 /* AppDelegate.swift in Sources */ = {isa = PBXBuildFile; fileRef = E815FCAA1C1193010066C948 /* AppDelegate.swift */; };
		E815FCAD1C1193010066C948 /* MainViewController.swift in Sources */ = {isa = PBXBuildFile; fileRef = E815FCAC1C1193010066C948 /* MainViewController.swift */; };
		E815FCB01C1193010066C948 /* Main.storyboard in Resources */ = {isa = PBXBuildFile; fileRef = E815FCAE1C1193010066C948 /* Main.storyboard */; };
		E815FCB31C1193010066C948 /* TheWalkingDead.xcdatamodeld in Sources */ = {isa = PBXBuildFile; fileRef = E815FCB11C1193010066C948 /* TheWalkingDead.xcdatamodeld */; };
		E815FCB51C1193010066C948 /* Assets.xcassets in Resources */ = {isa = PBXBuildFile; fileRef = E815FCB41C1193010066C948 /* Assets.xcassets */; };
		E815FCB81C1193010066C948 /* LaunchScreen.storyboard in Resources */ = {isa = PBXBuildFile; fileRef = E815FCB61C1193010066C948 /* LaunchScreen.storyboard */; };
		E815FCC31C1193020066C948 /* TheWalkingDeadTests.swift in Sources */ = {isa = PBXBuildFile; fileRef = E815FCC21C1193020066C948 /* TheWalkingDeadTests.swift */; };
		E815FCCE1C1193020066C948 /* TheWalkingDeadUITests.swift in Sources */ = {isa = PBXBuildFile; fileRef = E815FCCD1C1193020066C948 /* TheWalkingDeadUITests.swift */; };
		E8AC031E1C15EDFF00E535EE /* LoginViewController.swift in Sources */ = {isa = PBXBuildFile; fileRef = E8AC031D1C15EDFF00E535EE /* LoginViewController.swift */; };
		E8B432BA1C11B095005D8FCD /* UserRegisterController.swift in Sources */ = {isa = PBXBuildFile; fileRef = E8B432B91C11B095005D8FCD /* UserRegisterController.swift */; };
		FF37F0394080BC54E709D0C2 /* Pods_TheWalkingDead.framework in Frameworks */ = {isa = PBXBuildFile; fileRef = 814C30AA36597FD76F078AB0 /* Pods_TheWalkingDead.framework */; };
/* End PBXBuildFile section */

/* Begin PBXContainerItemProxy section */
		E815FCBF1C1193010066C948 /* PBXContainerItemProxy */ = {
			isa = PBXContainerItemProxy;
			containerPortal = E815FC9F1C1193010066C948 /* Project object */;
			proxyType = 1;
			remoteGlobalIDString = E815FCA61C1193010066C948;
			remoteInfo = TheWalkingDead;
		};
		E815FCCA1C1193020066C948 /* PBXContainerItemProxy */ = {
			isa = PBXContainerItemProxy;
			containerPortal = E815FC9F1C1193010066C948 /* Project object */;
			proxyType = 1;
			remoteGlobalIDString = E815FCA61C1193010066C948;
			remoteInfo = TheWalkingDead;
		};
/* End PBXContainerItemProxy section */

/* Begin PBXFileReference section */
		05239E4CE14DF6423E162C93 /* Pods-TheWalkingDead.debug.xcconfig */ = {isa = PBXFileReference; includeInIndex = 1; lastKnownFileType = text.xcconfig; name = "Pods-TheWalkingDead.debug.xcconfig"; path = "Pods/Target Support Files/Pods-TheWalkingDead/Pods-TheWalkingDead.debug.xcconfig"; sourceTree = "<group>"; };
		814C30AA36597FD76F078AB0 /* Pods_TheWalkingDead.framework */ = {isa = PBXFileReference; explicitFileType = wrapper.framework; includeInIndex = 0; path = Pods_TheWalkingDead.framework; sourceTree = BUILT_PRODUCTS_DIR; };
		CE343C221C3E9A0F00F4DDEF /* EnergyExpenditureViewController.swift */ = {isa = PBXFileReference; fileEncoding = 4; lastKnownFileType = sourcecode.swift; path = EnergyExpenditureViewController.swift; sourceTree = "<group>"; };
		CE343C241C3E9DF000F4DDEF /* User.swift */ = {isa = PBXFileReference; fileEncoding = 4; lastKnownFileType = sourcecode.swift; path = User.swift; sourceTree = "<group>"; };
		CE7E73771C4CE22D008D59EF /* GPSHandler.swift */ = {isa = PBXFileReference; fileEncoding = 4; lastKnownFileType = sourcecode.swift; path = GPSHandler.swift; sourceTree = "<group>"; };
		CEAFF6961C1971430047F69D /* MyPageController.swift */ = {isa = PBXFileReference; fileEncoding = 4; lastKnownFileType = sourcecode.swift; path = MyPageController.swift; sourceTree = "<group>"; };
		CEAFF6981C1977C80047F69D /* HeartrateViewController.swift */ = {isa = PBXFileReference; fileEncoding = 4; lastKnownFileType = sourcecode.swift; path = HeartrateViewController.swift; sourceTree = "<group>"; };
		CEAFF69A1C1981F20047F69D /* BLEHandler.swift */ = {isa = PBXFileReference; fileEncoding = 4; lastKnownFileType = sourcecode.swift; path = BLEHandler.swift; sourceTree = "<group>"; };
		CEE00F121C119E8D00C87D8D /* StepCounter.swift */ = {isa = PBXFileReference; fileEncoding = 4; lastKnownFileType = sourcecode.swift; path = StepCounter.swift; sourceTree = "<group>"; };
		CEE00F141C11B2A800C87D8D /* CircleView.swift */ = {isa = PBXFileReference; fileEncoding = 4; lastKnownFileType = sourcecode.swift; path = CircleView.swift; sourceTree = "<group>"; };
		DCF7A565777DD8356A12A58A /* Pods-TheWalkingDead.release.xcconfig */ = {isa = PBXFileReference; includeInIndex = 1; lastKnownFileType = text.xcconfig; name = "Pods-TheWalkingDead.release.xcconfig"; path = "Pods/Target Support Files/Pods-TheWalkingDead/Pods-TheWalkingDead.release.xcconfig"; sourceTree = "<group>"; };
		E815FCA71C1193010066C948 /* TheWalkingDead.app */ = {isa = PBXFileReference; explicitFileType = wrapper.application; includeInIndex = 0; path = TheWalkingDead.app; sourceTree = BUILT_PRODUCTS_DIR; };
		E815FCAA1C1193010066C948 /* AppDelegate.swift */ = {isa = PBXFileReference; lastKnownFileType = sourcecode.swift; path = AppDelegate.swift; sourceTree = "<group>"; };
		E815FCAC1C1193010066C948 /* MainViewController.swift */ = {isa = PBXFileReference; lastKnownFileType = sourcecode.swift; path = MainViewController.swift; sourceTree = "<group>"; };
		E815FCAF1C1193010066C948 /* Base */ = {isa = PBXFileReference; lastKnownFileType = file.storyboard; name = Base; path = Base.lproj/Main.storyboard; sourceTree = "<group>"; };
		E815FCB21C1193010066C948 /* TheWalkingDead.xcdatamodel */ = {isa = PBXFileReference; lastKnownFileType = wrapper.xcdatamodel; path = TheWalkingDead.xcdatamodel; sourceTree = "<group>"; };
		E815FCB41C1193010066C948 /* Assets.xcassets */ = {isa = PBXFileReference; lastKnownFileType = folder.assetcatalog; path = Assets.xcassets; sourceTree = "<group>"; };
		E815FCB71C1193010066C948 /* Base */ = {isa = PBXFileReference; lastKnownFileType = file.storyboard; name = Base; path = Base.lproj/LaunchScreen.storyboard; sourceTree = "<group>"; };
		E815FCB91C1193010066C948 /* Info.plist */ = {isa = PBXFileReference; lastKnownFileType = text.plist.xml; path = Info.plist; sourceTree = "<group>"; };
		E815FCBE1C1193010066C948 /* TheWalkingDeadTests.xctest */ = {isa = PBXFileReference; explicitFileType = wrapper.cfbundle; includeInIndex = 0; path = TheWalkingDeadTests.xctest; sourceTree = BUILT_PRODUCTS_DIR; };
		E815FCC21C1193020066C948 /* TheWalkingDeadTests.swift */ = {isa = PBXFileReference; lastKnownFileType = sourcecode.swift; path = TheWalkingDeadTests.swift; sourceTree = "<group>"; };
		E815FCC41C1193020066C948 /* Info.plist */ = {isa = PBXFileReference; lastKnownFileType = text.plist.xml; path = Info.plist; sourceTree = "<group>"; };
		E815FCC91C1193020066C948 /* TheWalkingDeadUITests.xctest */ = {isa = PBXFileReference; explicitFileType = wrapper.cfbundle; includeInIndex = 0; path = TheWalkingDeadUITests.xctest; sourceTree = BUILT_PRODUCTS_DIR; };
		E815FCCD1C1193020066C948 /* TheWalkingDeadUITests.swift */ = {isa = PBXFileReference; lastKnownFileType = sourcecode.swift; path = TheWalkingDeadUITests.swift; sourceTree = "<group>"; };
		E815FCCF1C1193020066C948 /* Info.plist */ = {isa = PBXFileReference; lastKnownFileType = text.plist.xml; path = Info.plist; sourceTree = "<group>"; };
		E8AC031D1C15EDFF00E535EE /* LoginViewController.swift */ = {isa = PBXFileReference; fileEncoding = 4; lastKnownFileType = sourcecode.swift; path = LoginViewController.swift; sourceTree = "<group>"; };
		E8B432B91C11B095005D8FCD /* UserRegisterController.swift */ = {isa = PBXFileReference; fileEncoding = 4; lastKnownFileType = sourcecode.swift; path = UserRegisterController.swift; sourceTree = "<group>"; };
		E8B7AD9E1C4CDA840023DC95 /* TheWalkingDead-Bridging-Header.h */ = {isa = PBXFileReference; lastKnownFileType = sourcecode.c.h; path = "TheWalkingDead-Bridging-Header.h"; sourceTree = "<group>"; };
/* End PBXFileReference section */

/* Begin PBXFrameworksBuildPhase section */
		E815FCA41C1193010066C948 /* Frameworks */ = {
			isa = PBXFrameworksBuildPhase;
			buildActionMask = 2147483647;
			files = (
				FF37F0394080BC54E709D0C2 /* Pods_TheWalkingDead.framework in Frameworks */,
			);
			runOnlyForDeploymentPostprocessing = 0;
		};
		E815FCBB1C1193010066C948 /* Frameworks */ = {
			isa = PBXFrameworksBuildPhase;
			buildActionMask = 2147483647;
			files = (
			);
			runOnlyForDeploymentPostprocessing = 0;
		};
		E815FCC61C1193020066C948 /* Frameworks */ = {
			isa = PBXFrameworksBuildPhase;
			buildActionMask = 2147483647;
			files = (
			);
			runOnlyForDeploymentPostprocessing = 0;
		};
/* End PBXFrameworksBuildPhase section */

/* Begin PBXGroup section */
		17BE3B909D5ED78765CF81E7 /* Frameworks */ = {
			isa = PBXGroup;
			children = (
				814C30AA36597FD76F078AB0 /* Pods_TheWalkingDead.framework */,
			);
			name = Frameworks;
			sourceTree = "<group>";
		};
		3EC612D11012E36929142593 /* Pods */ = {
			isa = PBXGroup;
			children = (
				05239E4CE14DF6423E162C93 /* Pods-TheWalkingDead.debug.xcconfig */,
				DCF7A565777DD8356A12A58A /* Pods-TheWalkingDead.release.xcconfig */,
			);
			name = Pods;
			sourceTree = "<group>";
		};
		E815FC9E1C1193010066C948 = {
			isa = PBXGroup;
			children = (
				E8B7AD9E1C4CDA840023DC95 /* TheWalkingDead-Bridging-Header.h */,
				E815FCA91C1193010066C948 /* TheWalkingDead */,
				E815FCC11C1193010066C948 /* TheWalkingDeadTests */,
				E815FCCC1C1193020066C948 /* TheWalkingDeadUITests */,
				E815FCA81C1193010066C948 /* Products */,
				3EC612D11012E36929142593 /* Pods */,
				17BE3B909D5ED78765CF81E7 /* Frameworks */,
			);
			sourceTree = "<group>";
		};
		E815FCA81C1193010066C948 /* Products */ = {
			isa = PBXGroup;
			children = (
				E815FCA71C1193010066C948 /* TheWalkingDead.app */,
				E815FCBE1C1193010066C948 /* TheWalkingDeadTests.xctest */,
				E815FCC91C1193020066C948 /* TheWalkingDeadUITests.xctest */,
			);
			name = Products;
			sourceTree = "<group>";
		};
		E815FCA91C1193010066C948 /* TheWalkingDead */ = {
			isa = PBXGroup;
			children = (
				E815FCAA1C1193010066C948 /* AppDelegate.swift */,
				E8447C9A1C1199C20075EF00 /* ViewController */,
				E8447C9C1C1199FF0075EF00 /* Storyboards */,
				E8447C9D1C119A260075EF00 /* PersistentData */,
				E815FCB41C1193010066C948 /* Assets.xcassets */,
				E815FCB91C1193010066C948 /* Info.plist */,
				CEE00F121C119E8D00C87D8D /* StepCounter.swift */,
				CEE00F141C11B2A800C87D8D /* CircleView.swift */,
				CEAFF6961C1971430047F69D /* MyPageController.swift */,
				CEAFF69A1C1981F20047F69D /* BLEHandler.swift */,
				CE343C241C3E9DF000F4DDEF /* User.swift */,
				CE7E73771C4CE22D008D59EF /* GPSHandler.swift */,
			);
			path = TheWalkingDead;
			sourceTree = "<group>";
		};
		E815FCC11C1193010066C948 /* TheWalkingDeadTests */ = {
			isa = PBXGroup;
			children = (
				E815FCC21C1193020066C948 /* TheWalkingDeadTests.swift */,
				E815FCC41C1193020066C948 /* Info.plist */,
			);
			path = TheWalkingDeadTests;
			sourceTree = "<group>";
		};
		E815FCCC1C1193020066C948 /* TheWalkingDeadUITests */ = {
			isa = PBXGroup;
			children = (
				E815FCCD1C1193020066C948 /* TheWalkingDeadUITests.swift */,
				E815FCCF1C1193020066C948 /* Info.plist */,
			);
			path = TheWalkingDeadUITests;
			sourceTree = "<group>";
		};
		E8447C9A1C1199C20075EF00 /* ViewController */ = {
			isa = PBXGroup;
			children = (
				E815FCAC1C1193010066C948 /* MainViewController.swift */,
				CEAFF6981C1977C80047F69D /* HeartrateViewController.swift */,
				CE343C221C3E9A0F00F4DDEF /* EnergyExpenditureViewController.swift */,
				E8AC031F1C15EE2600E535EE /* Login/Register */,
			);
			name = ViewController;
			sourceTree = "<group>";
		};
		E8447C9C1C1199FF0075EF00 /* Storyboards */ = {
			isa = PBXGroup;
			children = (
				E815FCB61C1193010066C948 /* LaunchScreen.storyboard */,
				E815FCAE1C1193010066C948 /* Main.storyboard */,
			);
			name = Storyboards;
			sourceTree = "<group>";
		};
		E8447C9D1C119A260075EF00 /* PersistentData */ = {
			isa = PBXGroup;
			children = (
				E815FCB11C1193010066C948 /* TheWalkingDead.xcdatamodeld */,
			);
			name = PersistentData;
			sourceTree = "<group>";
		};
		E8AC031F1C15EE2600E535EE /* Login/Register */ = {
			isa = PBXGroup;
			children = (
				E8AC031D1C15EDFF00E535EE /* LoginViewController.swift */,
				E8B432B91C11B095005D8FCD /* UserRegisterController.swift */,
			);
			name = Login/Register;
			sourceTree = "<group>";
		};
/* End PBXGroup section */

/* Begin PBXNativeTarget section */
		E815FCA61C1193010066C948 /* TheWalkingDead */ = {
			isa = PBXNativeTarget;
			buildConfigurationList = E815FCD21C1193020066C948 /* Build configuration list for PBXNativeTarget "TheWalkingDead" */;
			buildPhases = (
				72C3E7889F800FAE95BA482C /* Check Pods Manifest.lock */,
				E815FCA31C1193010066C948 /* Sources */,
				E815FCA41C1193010066C948 /* Frameworks */,
				E815FCA51C1193010066C948 /* Resources */,
				80A026EF45F040C34FB92CC7 /* Embed Pods Frameworks */,
				8C2340CD02DDF0C01E486D30 /* Copy Pods Resources */,
			);
			buildRules = (
			);
			dependencies = (
			);
			name = TheWalkingDead;
			productName = TheWalkingDead;
			productReference = E815FCA71C1193010066C948 /* TheWalkingDead.app */;
			productType = "com.apple.product-type.application";
		};
		E815FCBD1C1193010066C948 /* TheWalkingDeadTests */ = {
			isa = PBXNativeTarget;
			buildConfigurationList = E815FCD51C1193020066C948 /* Build configuration list for PBXNativeTarget "TheWalkingDeadTests" */;
			buildPhases = (
				E815FCBA1C1193010066C948 /* Sources */,
				E815FCBB1C1193010066C948 /* Frameworks */,
				E815FCBC1C1193010066C948 /* Resources */,
			);
			buildRules = (
			);
			dependencies = (
				E815FCC01C1193010066C948 /* PBXTargetDependency */,
			);
			name = TheWalkingDeadTests;
			productName = TheWalkingDeadTests;
			productReference = E815FCBE1C1193010066C948 /* TheWalkingDeadTests.xctest */;
			productType = "com.apple.product-type.bundle.unit-test";
		};
		E815FCC81C1193020066C948 /* TheWalkingDeadUITests */ = {
			isa = PBXNativeTarget;
			buildConfigurationList = E815FCD81C1193020066C948 /* Build configuration list for PBXNativeTarget "TheWalkingDeadUITests" */;
			buildPhases = (
				E815FCC51C1193020066C948 /* Sources */,
				E815FCC61C1193020066C948 /* Frameworks */,
				E815FCC71C1193020066C948 /* Resources */,
			);
			buildRules = (
			);
			dependencies = (
				E815FCCB1C1193020066C948 /* PBXTargetDependency */,
			);
			name = TheWalkingDeadUITests;
			productName = TheWalkingDeadUITests;
			productReference = E815FCC91C1193020066C948 /* TheWalkingDeadUITests.xctest */;
			productType = "com.apple.product-type.bundle.ui-testing";
		};
/* End PBXNativeTarget section */

/* Begin PBXProject section */
		E815FC9F1C1193010066C948 /* Project object */ = {
			isa = PBXProject;
			attributes = {
				LastSwiftUpdateCheck = 0710;
				LastUpgradeCheck = 0710;
				ORGANIZATIONNAME = "Mario Baumgartner";
				TargetAttributes = {
					E815FCA61C1193010066C948 = {
						CreatedOnToolsVersion = 7.1.1;
						SystemCapabilities = {
							com.apple.BackgroundModes = {
								enabled = 1;
							};
						};
					};
					E815FCBD1C1193010066C948 = {
						CreatedOnToolsVersion = 7.1.1;
						TestTargetID = E815FCA61C1193010066C948;
					};
					E815FCC81C1193020066C948 = {
						CreatedOnToolsVersion = 7.1.1;
						TestTargetID = E815FCA61C1193010066C948;
					};
				};
			};
			buildConfigurationList = E815FCA21C1193010066C948 /* Build configuration list for PBXProject "TheWalkingDead" */;
			compatibilityVersion = "Xcode 3.2";
			developmentRegion = English;
			hasScannedForEncodings = 0;
			knownRegions = (
				en,
				Base,
			);
			mainGroup = E815FC9E1C1193010066C948;
			productRefGroup = E815FCA81C1193010066C948 /* Products */;
			projectDirPath = "";
			projectRoot = "";
			targets = (
				E815FCA61C1193010066C948 /* TheWalkingDead */,
				E815FCBD1C1193010066C948 /* TheWalkingDeadTests */,
				E815FCC81C1193020066C948 /* TheWalkingDeadUITests */,
			);
		};
/* End PBXProject section */

/* Begin PBXResourcesBuildPhase section */
		E815FCA51C1193010066C948 /* Resources */ = {
			isa = PBXResourcesBuildPhase;
			buildActionMask = 2147483647;
			files = (
				E815FCB81C1193010066C948 /* LaunchScreen.storyboard in Resources */,
				E815FCB51C1193010066C948 /* Assets.xcassets in Resources */,
				E815FCB01C1193010066C948 /* Main.storyboard in Resources */,
			);
			runOnlyForDeploymentPostprocessing = 0;
		};
		E815FCBC1C1193010066C948 /* Resources */ = {
			isa = PBXResourcesBuildPhase;
			buildActionMask = 2147483647;
			files = (
			);
			runOnlyForDeploymentPostprocessing = 0;
		};
		E815FCC71C1193020066C948 /* Resources */ = {
			isa = PBXResourcesBuildPhase;
			buildActionMask = 2147483647;
			files = (
			);
			runOnlyForDeploymentPostprocessing = 0;
		};
/* End PBXResourcesBuildPhase section */

/* Begin PBXShellScriptBuildPhase section */
		72C3E7889F800FAE95BA482C /* Check Pods Manifest.lock */ = {
			isa = PBXShellScriptBuildPhase;
			buildActionMask = 2147483647;
			files = (
			);
			inputPaths = (
			);
			name = "Check Pods Manifest.lock";
			outputPaths = (
			);
			runOnlyForDeploymentPostprocessing = 0;
			shellPath = /bin/sh;
			shellScript = "diff \"${PODS_ROOT}/../Podfile.lock\" \"${PODS_ROOT}/Manifest.lock\" > /dev/null\nif [[ $? != 0 ]] ; then\n    cat << EOM\nerror: The sandbox is not in sync with the Podfile.lock. Run 'pod install' or update your CocoaPods installation.\nEOM\n    exit 1\nfi\n";
			showEnvVarsInLog = 0;
		};
		80A026EF45F040C34FB92CC7 /* Embed Pods Frameworks */ = {
			isa = PBXShellScriptBuildPhase;
			buildActionMask = 2147483647;
			files = (
			);
			inputPaths = (
			);
			name = "Embed Pods Frameworks";
			outputPaths = (
			);
			runOnlyForDeploymentPostprocessing = 0;
			shellPath = /bin/sh;
			shellScript = "\"${SRCROOT}/Pods/Target Support Files/Pods-TheWalkingDead/Pods-TheWalkingDead-frameworks.sh\"\n";
			showEnvVarsInLog = 0;
		};
		8C2340CD02DDF0C01E486D30 /* Copy Pods Resources */ = {
			isa = PBXShellScriptBuildPhase;
			buildActionMask = 2147483647;
			files = (
			);
			inputPaths = (
			);
			name = "Copy Pods Resources";
			outputPaths = (
			);
			runOnlyForDeploymentPostprocessing = 0;
			shellPath = /bin/sh;
			shellScript = "\"${SRCROOT}/Pods/Target Support Files/Pods-TheWalkingDead/Pods-TheWalkingDead-resources.sh\"\n";
			showEnvVarsInLog = 0;
		};
/* End PBXShellScriptBuildPhase section */

/* Begin PBXSourcesBuildPhase section */
		E815FCA31C1193010066C948 /* Sources */ = {
			isa = PBXSourcesBuildPhase;
			buildActionMask = 2147483647;
			files = (
				CEAFF6971C1971430047F69D /* MyPageController.swift in Sources */,
				CEE00F131C119E8D00C87D8D /* StepCounter.swift in Sources */,
				CEAFF69B1C1981F20047F69D /* BLEHandler.swift in Sources */,
				CE343C231C3E9A0F00F4DDEF /* EnergyExpenditureViewController.swift in Sources */,
				CEE00F151C11B2A800C87D8D /* CircleView.swift in Sources */,
				CEAFF6991C1977C80047F69D /* HeartrateViewController.swift in Sources */,
				E8AC031E1C15EDFF00E535EE /* LoginViewController.swift in Sources */,
				E815FCB31C1193010066C948 /* TheWalkingDead.xcdatamodeld in Sources */,
				CE7E73781C4CE22D008D59EF /* GPSHandler.swift in Sources */,
				CE343C251C3E9DF000F4DDEF /* User.swift in Sources */,
				E815FCAD1C1193010066C948 /* MainViewController.swift in Sources */,
				E815FCAB1C1193010066C948 /* AppDelegate.swift in Sources */,
				E8B432BA1C11B095005D8FCD /* UserRegisterController.swift in Sources */,
			);
			runOnlyForDeploymentPostprocessing = 0;
		};
		E815FCBA1C1193010066C948 /* Sources */ = {
			isa = PBXSourcesBuildPhase;
			buildActionMask = 2147483647;
			files = (
				E815FCC31C1193020066C948 /* TheWalkingDeadTests.swift in Sources */,
			);
			runOnlyForDeploymentPostprocessing = 0;
		};
		E815FCC51C1193020066C948 /* Sources */ = {
			isa = PBXSourcesBuildPhase;
			buildActionMask = 2147483647;
			files = (
				E815FCCE1C1193020066C948 /* TheWalkingDeadUITests.swift in Sources */,
			);
			runOnlyForDeploymentPostprocessing = 0;
		};
/* End PBXSourcesBuildPhase section */

/* Begin PBXTargetDependency section */
		E815FCC01C1193010066C948 /* PBXTargetDependency */ = {
			isa = PBXTargetDependency;
			target = E815FCA61C1193010066C948 /* TheWalkingDead */;
			targetProxy = E815FCBF1C1193010066C948 /* PBXContainerItemProxy */;
		};
		E815FCCB1C1193020066C948 /* PBXTargetDependency */ = {
			isa = PBXTargetDependency;
			target = E815FCA61C1193010066C948 /* TheWalkingDead */;
			targetProxy = E815FCCA1C1193020066C948 /* PBXContainerItemProxy */;
		};
/* End PBXTargetDependency section */

/* Begin PBXVariantGroup section */
		E815FCAE1C1193010066C948 /* Main.storyboard */ = {
			isa = PBXVariantGroup;
			children = (
				E815FCAF1C1193010066C948 /* Base */,
			);
			name = Main.storyboard;
			sourceTree = "<group>";
		};
		E815FCB61C1193010066C948 /* LaunchScreen.storyboard */ = {
			isa = PBXVariantGroup;
			children = (
				E815FCB71C1193010066C948 /* Base */,
			);
			name = LaunchScreen.storyboard;
			sourceTree = "<group>";
		};
/* End PBXVariantGroup section */

/* Begin XCBuildConfiguration section */
		E815FCD01C1193020066C948 /* Debug */ = {
			isa = XCBuildConfiguration;
			buildSettings = {
				ALWAYS_SEARCH_USER_PATHS = NO;
				CLANG_CXX_LANGUAGE_STANDARD = "gnu++0x";
				CLANG_CXX_LIBRARY = "libc++";
				CLANG_ENABLE_MODULES = YES;
				CLANG_ENABLE_OBJC_ARC = YES;
				CLANG_WARN_BOOL_CONVERSION = YES;
				CLANG_WARN_CONSTANT_CONVERSION = YES;
				CLANG_WARN_DIRECT_OBJC_ISA_USAGE = YES_ERROR;
				CLANG_WARN_EMPTY_BODY = YES;
				CLANG_WARN_ENUM_CONVERSION = YES;
				CLANG_WARN_INT_CONVERSION = YES;
				CLANG_WARN_OBJC_ROOT_CLASS = YES_ERROR;
				CLANG_WARN_UNREACHABLE_CODE = YES;
				CLANG_WARN__DUPLICATE_METHOD_MATCH = YES;
				"CODE_SIGN_IDENTITY[sdk=iphoneos*]" = "iPhone Developer";
				COPY_PHASE_STRIP = NO;
				DEBUG_INFORMATION_FORMAT = dwarf;
				ENABLE_STRICT_OBJC_MSGSEND = YES;
				ENABLE_TESTABILITY = YES;
				GCC_C_LANGUAGE_STANDARD = gnu99;
				GCC_DYNAMIC_NO_PIC = NO;
				GCC_NO_COMMON_BLOCKS = YES;
				GCC_OPTIMIZATION_LEVEL = 0;
				GCC_PREPROCESSOR_DEFINITIONS = (
					"DEBUG=1",
					"$(inherited)",
				);
				GCC_WARN_64_TO_32_BIT_CONVERSION = YES;
				GCC_WARN_ABOUT_RETURN_TYPE = YES_ERROR;
				GCC_WARN_UNDECLARED_SELECTOR = YES;
				GCC_WARN_UNINITIALIZED_AUTOS = YES_AGGRESSIVE;
				GCC_WARN_UNUSED_FUNCTION = YES;
				GCC_WARN_UNUSED_VARIABLE = YES;
				IPHONEOS_DEPLOYMENT_TARGET = 9.1;
				MTL_ENABLE_DEBUG_INFO = YES;
				ONLY_ACTIVE_ARCH = YES;
				SDKROOT = iphoneos;
				SWIFT_OPTIMIZATION_LEVEL = "-Onone";
			};
			name = Debug;
		};
		E815FCD11C1193020066C948 /* Release */ = {
			isa = XCBuildConfiguration;
			buildSettings = {
				ALWAYS_SEARCH_USER_PATHS = NO;
				CLANG_CXX_LANGUAGE_STANDARD = "gnu++0x";
				CLANG_CXX_LIBRARY = "libc++";
				CLANG_ENABLE_MODULES = YES;
				CLANG_ENABLE_OBJC_ARC = YES;
				CLANG_WARN_BOOL_CONVERSION = YES;
				CLANG_WARN_CONSTANT_CONVERSION = YES;
				CLANG_WARN_DIRECT_OBJC_ISA_USAGE = YES_ERROR;
				CLANG_WARN_EMPTY_BODY = YES;
				CLANG_WARN_ENUM_CONVERSION = YES;
				CLANG_WARN_INT_CONVERSION = YES;
				CLANG_WARN_OBJC_ROOT_CLASS = YES_ERROR;
				CLANG_WARN_UNREACHABLE_CODE = YES;
				CLANG_WARN__DUPLICATE_METHOD_MATCH = YES;
				"CODE_SIGN_IDENTITY[sdk=iphoneos*]" = "iPhone Developer";
				COPY_PHASE_STRIP = NO;
				DEBUG_INFORMATION_FORMAT = "dwarf-with-dsym";
				ENABLE_NS_ASSERTIONS = NO;
				ENABLE_STRICT_OBJC_MSGSEND = YES;
				GCC_C_LANGUAGE_STANDARD = gnu99;
				GCC_NO_COMMON_BLOCKS = YES;
				GCC_WARN_64_TO_32_BIT_CONVERSION = YES;
				GCC_WARN_ABOUT_RETURN_TYPE = YES_ERROR;
				GCC_WARN_UNDECLARED_SELECTOR = YES;
				GCC_WARN_UNINITIALIZED_AUTOS = YES_AGGRESSIVE;
				GCC_WARN_UNUSED_FUNCTION = YES;
				GCC_WARN_UNUSED_VARIABLE = YES;
				IPHONEOS_DEPLOYMENT_TARGET = 9.1;
				MTL_ENABLE_DEBUG_INFO = NO;
				SDKROOT = iphoneos;
				VALIDATE_PRODUCT = YES;
			};
			name = Release;
		};
		E815FCD31C1193020066C948 /* Debug */ = {
			isa = XCBuildConfiguration;
			baseConfigurationReference = 05239E4CE14DF6423E162C93 /* Pods-TheWalkingDead.debug.xcconfig */;
			buildSettings = {
				ASSETCATALOG_COMPILER_APPICON_NAME = AppIcon;
				INFOPLIST_FILE = TheWalkingDead/Info.plist;
				LD_RUNPATH_SEARCH_PATHS = "$(inherited) @executable_path/Frameworks";
				PRODUCT_BUNDLE_IDENTIFIER = at.fhhagenberg.TheWalkingDead;
				PRODUCT_NAME = "$(TARGET_NAME)";
				SWIFT_OBJC_BRIDGING_HEADER = "/Users/mariobaumgartner/Development/Development_Swift/TheWalkingDead_Remote/TheWalkingDead-Bridging-Header.h";
			};
			name = Debug;
		};
		E815FCD41C1193020066C948 /* Release */ = {
			isa = XCBuildConfiguration;
			baseConfigurationReference = DCF7A565777DD8356A12A58A /* Pods-TheWalkingDead.release.xcconfig */;
			buildSettings = {
				ASSETCATALOG_COMPILER_APPICON_NAME = AppIcon;
				INFOPLIST_FILE = TheWalkingDead/Info.plist;
				LD_RUNPATH_SEARCH_PATHS = "$(inherited) @executable_path/Frameworks";
				PRODUCT_BUNDLE_IDENTIFIER = at.fhhagenberg.TheWalkingDead;
				PRODUCT_NAME = "$(TARGET_NAME)";
				SWIFT_OBJC_BRIDGING_HEADER = "/Users/mariobaumgartner/Development/Development_Swift/TheWalkingDead_Remote/TheWalkingDead-Bridging-Header.h";
			};
			name = Release;
		};
		E815FCD61C1193020066C948 /* Debug */ = {
			isa = XCBuildConfiguration;
			buildSettings = {
				BUNDLE_LOADER = "$(TEST_HOST)";
				INFOPLIST_FILE = TheWalkingDeadTests/Info.plist;
				LD_RUNPATH_SEARCH_PATHS = "$(inherited) @executable_path/Frameworks @loader_path/Frameworks";
				PRODUCT_BUNDLE_IDENTIFIER = at.fhhagenberg.TheWalkingDeadTests;
				PRODUCT_NAME = "$(TARGET_NAME)";
				TEST_HOST = "$(BUILT_PRODUCTS_DIR)/TheWalkingDead.app/TheWalkingDead";
			};
			name = Debug;
		};
		E815FCD71C1193020066C948 /* Release */ = {
			isa = XCBuildConfiguration;
			buildSettings = {
				BUNDLE_LOADER = "$(TEST_HOST)";
				INFOPLIST_FILE = TheWalkingDeadTests/Info.plist;
				LD_RUNPATH_SEARCH_PATHS = "$(inherited) @executable_path/Frameworks @loader_path/Frameworks";
				PRODUCT_BUNDLE_IDENTIFIER = at.fhhagenberg.TheWalkingDeadTests;
				PRODUCT_NAME = "$(TARGET_NAME)";
				TEST_HOST = "$(BUILT_PRODUCTS_DIR)/TheWalkingDead.app/TheWalkingDead";
			};
			name = Release;
		};
		E815FCD91C1193020066C948 /* Debug */ = {
			isa = XCBuildConfiguration;
			buildSettings = {
				INFOPLIST_FILE = TheWalkingDeadUITests/Info.plist;
				LD_RUNPATH_SEARCH_PATHS = "$(inherited) @executable_path/Frameworks @loader_path/Frameworks";
				PRODUCT_BUNDLE_IDENTIFIER = at.fhhagenberg.TheWalkingDeadUITests;
				PRODUCT_NAME = "$(TARGET_NAME)";
				TEST_TARGET_NAME = TheWalkingDead;
				USES_XCTRUNNER = YES;
			};
			name = Debug;
		};
		E815FCDA1C1193020066C948 /* Release */ = {
			isa = XCBuildConfiguration;
			buildSettings = {
				INFOPLIST_FILE = TheWalkingDeadUITests/Info.plist;
				LD_RUNPATH_SEARCH_PATHS = "$(inherited) @executable_path/Frameworks @loader_path/Frameworks";
				PRODUCT_BUNDLE_IDENTIFIER = at.fhhagenberg.TheWalkingDeadUITests;
				PRODUCT_NAME = "$(TARGET_NAME)";
				TEST_TARGET_NAME = TheWalkingDead;
				USES_XCTRUNNER = YES;
			};
			name = Release;
		};
/* End XCBuildConfiguration section */

/* Begin XCConfigurationList section */
		E815FCA21C1193010066C948 /* Build configuration list for PBXProject "TheWalkingDead" */ = {
			isa = XCConfigurationList;
			buildConfigurations = (
				E815FCD01C1193020066C948 /* Debug */,
				E815FCD11C1193020066C948 /* Release */,
			);
			defaultConfigurationIsVisible = 0;
			defaultConfigurationName = Release;
		};
		E815FCD21C1193020066C948 /* Build configuration list for PBXNativeTarget "TheWalkingDead" */ = {
			isa = XCConfigurationList;
			buildConfigurations = (
				E815FCD31C1193020066C948 /* Debug */,
				E815FCD41C1193020066C948 /* Release */,
			);
			defaultConfigurationIsVisible = 0;
			defaultConfigurationName = Release;
		};
		E815FCD51C1193020066C948 /* Build configuration list for PBXNativeTarget "TheWalkingDeadTests" */ = {
			isa = XCConfigurationList;
			buildConfigurations = (
				E815FCD61C1193020066C948 /* Debug */,
				E815FCD71C1193020066C948 /* Release */,
			);
			defaultConfigurationIsVisible = 0;
			defaultConfigurationName = Release;
		};
		E815FCD81C1193020066C948 /* Build configuration list for PBXNativeTarget "TheWalkingDeadUITests" */ = {
			isa = XCConfigurationList;
			buildConfigurations = (
				E815FCD91C1193020066C948 /* Debug */,
				E815FCDA1C1193020066C948 /* Release */,
			);
			defaultConfigurationIsVisible = 0;
			defaultConfigurationName = Release;
		};
/* End XCConfigurationList section */

/* Begin XCVersionGroup section */
		E815FCB11C1193010066C948 /* TheWalkingDead.xcdatamodeld */ = {
			isa = XCVersionGroup;
			children = (
				E815FCB21C1193010066C948 /* TheWalkingDead.xcdatamodel */,
			);
			currentVersion = E815FCB21C1193010066C948 /* TheWalkingDead.xcdatamodel */;
			path = TheWalkingDead.xcdatamodeld;
			sourceTree = "<group>";
			versionGroupType = wrapper.xcdatamodel;
		};
/* End XCVersionGroup section */
	};
	rootObject = E815FC9F1C1193010066C948 /* Project object */;
}
